// !$*UTF8*$!
{
	archiveVersion = 1;
	classes = {
	};
	objectVersion = 50;
	objects = {

/* Begin PBXBuildFile section */
		F82C3BB423AFC9FD0025C872 /* AppDelegate.swift in Sources */ = {isa = PBXBuildFile; fileRef = F82C3BB323AFC9FD0025C872 /* AppDelegate.swift */; };
		F82C3BB623AFC9FD0025C872 /* SceneDelegate.swift in Sources */ = {isa = PBXBuildFile; fileRef = F82C3BB523AFC9FD0025C872 /* SceneDelegate.swift */; };
		F82C3BB823AFC9FD0025C872 /* NewsView.swift in Sources */ = {isa = PBXBuildFile; fileRef = F82C3BB723AFC9FD0025C872 /* NewsView.swift */; };
		F82C3BBA23AFCA000025C872 /* Assets.xcassets in Resources */ = {isa = PBXBuildFile; fileRef = F82C3BB923AFCA000025C872 /* Assets.xcassets */; };
		F82C3BBD23AFCA000025C872 /* Preview Assets.xcassets in Resources */ = {isa = PBXBuildFile; fileRef = F82C3BBC23AFCA000025C872 /* Preview Assets.xcassets */; };
		F82C3BC023AFCA000025C872 /* LaunchScreen.storyboard in Resources */ = {isa = PBXBuildFile; fileRef = F82C3BBE23AFCA000025C872 /* LaunchScreen.storyboard */; };
		F82C3BCB23AFCA000025C872 /* swiftui_mvvmTests.swift in Sources */ = {isa = PBXBuildFile; fileRef = F82C3BCA23AFCA000025C872 /* swiftui_mvvmTests.swift */; };
		F82C3BD623AFCA000025C872 /* swiftui_mvvmUITests.swift in Sources */ = {isa = PBXBuildFile; fileRef = F82C3BD523AFCA000025C872 /* swiftui_mvvmUITests.swift */; };
		F82C3BE823AFCD300025C872 /* NewsViewModel.swift in Sources */ = {isa = PBXBuildFile; fileRef = F82C3BE723AFCD300025C872 /* NewsViewModel.swift */; };
		F82C3BF023B2C7090025C872 /* APIService.swift in Sources */ = {isa = PBXBuildFile; fileRef = F82C3BED23B2C7090025C872 /* APIService.swift */; };
		F82C3BF223B2C7090025C872 /* APIRequest.swift in Sources */ = {isa = PBXBuildFile; fileRef = F82C3BEF23B2C7090025C872 /* APIRequest.swift */; };
		F82C3BF823B312700025C872 /* Source.swift in Sources */ = {isa = PBXBuildFile; fileRef = F82C3BF723B312700025C872 /* Source.swift */; };
		F82C3BFA23B312810025C872 /* Article.swift in Sources */ = {isa = PBXBuildFile; fileRef = F82C3BF923B312810025C872 /* Article.swift */; };
		F82C3BFC23B3216B0025C872 /* TopHeadlineRepository.swift in Sources */ = {isa = PBXBuildFile; fileRef = F82C3BFB23B3216B0025C872 /* TopHeadlineRepository.swift */; };
		F82C3BFE23B321A00025C872 /* TopHeadlineQuery.swift in Sources */ = {isa = PBXBuildFile; fileRef = F82C3BFD23B321A00025C872 /* TopHeadlineQuery.swift */; };
		F82C3C0023B32CD60025C872 /* FetchTopHeadlineQueriesUseCase.swift in Sources */ = {isa = PBXBuildFile; fileRef = F82C3BFF23B32CD60025C872 /* FetchTopHeadlineQueriesUseCase.swift */; };
		F82C3C0323B408960025C872 /* DefaultTopHeadlineRepository.swift in Sources */ = {isa = PBXBuildFile; fileRef = F82C3C0223B408960025C872 /* DefaultTopHeadlineRepository.swift */; };
		F82C3C0623B40B450025C872 /* TopHeadlineAPIResuqest.swift in Sources */ = {isa = PBXBuildFile; fileRef = F82C3C0523B40B450025C872 /* TopHeadlineAPIResuqest.swift */; };
		F82C3C0923B40C1C0025C872 /* Model+Decodable.swift in Sources */ = {isa = PBXBuildFile; fileRef = F82C3C0823B40C1C0025C872 /* Model+Decodable.swift */; };
		F82C3C0B23B47F8A0025C872 /* APIError.swift in Sources */ = {isa = PBXBuildFile; fileRef = F82C3C0A23B47F8A0025C872 /* APIError.swift */; };
		F82C3C0E23B5B5B20025C872 /* NewsDIContainer.swift in Sources */ = {isa = PBXBuildFile; fileRef = F82C3C0D23B5B5B20025C872 /* NewsDIContainer.swift */; };
		F82C3C1023B5B72F0025C872 /* AppDIContainer.swift in Sources */ = {isa = PBXBuildFile; fileRef = F82C3C0F23B5B72F0025C872 /* AppDIContainer.swift */; };
		F82C3C1C23B683A30025C872 /* LaunchView.swift in Sources */ = {isa = PBXBuildFile; fileRef = F82C3C1B23B683A30025C872 /* LaunchView.swift */; };
		F8566DE323B7390C00FBF4A4 /* View+Extenstion.swift in Sources */ = {isa = PBXBuildFile; fileRef = F8566DE223B7390C00FBF4A4 /* View+Extenstion.swift */; };
		F862407A23B7FB8900E6D46B /* DataService.swift in Sources */ = {isa = PBXBuildFile; fileRef = F862407923B7FB8900E6D46B /* DataService.swift */; };
		F862407C23B7FF0B00E6D46B /* UserDefaultStorage.swift in Sources */ = {isa = PBXBuildFile; fileRef = F862407B23B7FF0B00E6D46B /* UserDefaultStorage.swift */; };
/* End PBXBuildFile section */

/* Begin PBXContainerItemProxy section */
		F82C3BC723AFCA000025C872 /* PBXContainerItemProxy */ = {
			isa = PBXContainerItemProxy;
			containerPortal = F82C3BA823AFC9FD0025C872 /* Project object */;
			proxyType = 1;
			remoteGlobalIDString = F82C3BAF23AFC9FD0025C872;
			remoteInfo = "swiftui-mvvm";
		};
		F82C3BD223AFCA000025C872 /* PBXContainerItemProxy */ = {
			isa = PBXContainerItemProxy;
			containerPortal = F82C3BA823AFC9FD0025C872 /* Project object */;
			proxyType = 1;
			remoteGlobalIDString = F82C3BAF23AFC9FD0025C872;
			remoteInfo = "swiftui-mvvm";
		};
/* End PBXContainerItemProxy section */

/* Begin PBXFileReference section */
		F82C3BB023AFC9FD0025C872 /* swiftui-mvvm.app */ = {isa = PBXFileReference; explicitFileType = wrapper.application; includeInIndex = 0; path = "swiftui-mvvm.app"; sourceTree = BUILT_PRODUCTS_DIR; };
		F82C3BB323AFC9FD0025C872 /* AppDelegate.swift */ = {isa = PBXFileReference; lastKnownFileType = sourcecode.swift; path = AppDelegate.swift; sourceTree = "<group>"; };
		F82C3BB523AFC9FD0025C872 /* SceneDelegate.swift */ = {isa = PBXFileReference; lastKnownFileType = sourcecode.swift; path = SceneDelegate.swift; sourceTree = "<group>"; };
		F82C3BB723AFC9FD0025C872 /* NewsView.swift */ = {isa = PBXFileReference; lastKnownFileType = sourcecode.swift; path = NewsView.swift; sourceTree = "<group>"; };
		F82C3BB923AFCA000025C872 /* Assets.xcassets */ = {isa = PBXFileReference; lastKnownFileType = folder.assetcatalog; path = Assets.xcassets; sourceTree = "<group>"; };
		F82C3BBC23AFCA000025C872 /* Preview Assets.xcassets */ = {isa = PBXFileReference; lastKnownFileType = folder.assetcatalog; path = "Preview Assets.xcassets"; sourceTree = "<group>"; };
		F82C3BBF23AFCA000025C872 /* Base */ = {isa = PBXFileReference; lastKnownFileType = file.storyboard; name = Base; path = Base.lproj/LaunchScreen.storyboard; sourceTree = "<group>"; };
		F82C3BC123AFCA000025C872 /* Info.plist */ = {isa = PBXFileReference; lastKnownFileType = text.plist.xml; path = Info.plist; sourceTree = "<group>"; };
		F82C3BC623AFCA000025C872 /* swiftui-mvvmTests.xctest */ = {isa = PBXFileReference; explicitFileType = wrapper.cfbundle; includeInIndex = 0; path = "swiftui-mvvmTests.xctest"; sourceTree = BUILT_PRODUCTS_DIR; };
		F82C3BCA23AFCA000025C872 /* swiftui_mvvmTests.swift */ = {isa = PBXFileReference; lastKnownFileType = sourcecode.swift; path = swiftui_mvvmTests.swift; sourceTree = "<group>"; };
		F82C3BCC23AFCA000025C872 /* Info.plist */ = {isa = PBXFileReference; lastKnownFileType = text.plist.xml; path = Info.plist; sourceTree = "<group>"; };
		F82C3BD123AFCA000025C872 /* swiftui-mvvmUITests.xctest */ = {isa = PBXFileReference; explicitFileType = wrapper.cfbundle; includeInIndex = 0; path = "swiftui-mvvmUITests.xctest"; sourceTree = BUILT_PRODUCTS_DIR; };
		F82C3BD523AFCA000025C872 /* swiftui_mvvmUITests.swift */ = {isa = PBXFileReference; lastKnownFileType = sourcecode.swift; path = swiftui_mvvmUITests.swift; sourceTree = "<group>"; };
		F82C3BD723AFCA000025C872 /* Info.plist */ = {isa = PBXFileReference; lastKnownFileType = text.plist.xml; path = Info.plist; sourceTree = "<group>"; };
		F82C3BE723AFCD300025C872 /* NewsViewModel.swift */ = {isa = PBXFileReference; lastKnownFileType = sourcecode.swift; path = NewsViewModel.swift; sourceTree = "<group>"; };
		F82C3BED23B2C7090025C872 /* APIService.swift */ = {isa = PBXFileReference; fileEncoding = 4; lastKnownFileType = sourcecode.swift; path = APIService.swift; sourceTree = "<group>"; };
		F82C3BEF23B2C7090025C872 /* APIRequest.swift */ = {isa = PBXFileReference; fileEncoding = 4; lastKnownFileType = sourcecode.swift; path = APIRequest.swift; sourceTree = "<group>"; };
		F82C3BF723B312700025C872 /* Source.swift */ = {isa = PBXFileReference; lastKnownFileType = sourcecode.swift; path = Source.swift; sourceTree = "<group>"; };
		F82C3BF923B312810025C872 /* Article.swift */ = {isa = PBXFileReference; lastKnownFileType = sourcecode.swift; path = Article.swift; sourceTree = "<group>"; };
		F82C3BFB23B3216B0025C872 /* TopHeadlineRepository.swift */ = {isa = PBXFileReference; lastKnownFileType = sourcecode.swift; path = TopHeadlineRepository.swift; sourceTree = "<group>"; };
		F82C3BFD23B321A00025C872 /* TopHeadlineQuery.swift */ = {isa = PBXFileReference; lastKnownFileType = sourcecode.swift; path = TopHeadlineQuery.swift; sourceTree = "<group>"; };
		F82C3BFF23B32CD60025C872 /* FetchTopHeadlineQueriesUseCase.swift */ = {isa = PBXFileReference; lastKnownFileType = sourcecode.swift; path = FetchTopHeadlineQueriesUseCase.swift; sourceTree = "<group>"; };
		F82C3C0223B408960025C872 /* DefaultTopHeadlineRepository.swift */ = {isa = PBXFileReference; lastKnownFileType = sourcecode.swift; path = DefaultTopHeadlineRepository.swift; sourceTree = "<group>"; };
		F82C3C0523B40B450025C872 /* TopHeadlineAPIResuqest.swift */ = {isa = PBXFileReference; lastKnownFileType = sourcecode.swift; path = TopHeadlineAPIResuqest.swift; sourceTree = "<group>"; };
		F82C3C0823B40C1C0025C872 /* Model+Decodable.swift */ = {isa = PBXFileReference; lastKnownFileType = sourcecode.swift; path = "Model+Decodable.swift"; sourceTree = "<group>"; };
		F82C3C0A23B47F8A0025C872 /* APIError.swift */ = {isa = PBXFileReference; lastKnownFileType = sourcecode.swift; path = APIError.swift; sourceTree = "<group>"; };
		F82C3C0D23B5B5B20025C872 /* NewsDIContainer.swift */ = {isa = PBXFileReference; lastKnownFileType = sourcecode.swift; path = NewsDIContainer.swift; sourceTree = "<group>"; };
		F82C3C0F23B5B72F0025C872 /* AppDIContainer.swift */ = {isa = PBXFileReference; lastKnownFileType = sourcecode.swift; path = AppDIContainer.swift; sourceTree = "<group>"; };
		F82C3C1B23B683A30025C872 /* LaunchView.swift */ = {isa = PBXFileReference; lastKnownFileType = sourcecode.swift; path = LaunchView.swift; sourceTree = "<group>"; };
		F8566DE223B7390C00FBF4A4 /* View+Extenstion.swift */ = {isa = PBXFileReference; lastKnownFileType = sourcecode.swift; path = "View+Extenstion.swift"; sourceTree = "<group>"; };
		F862407923B7FB8900E6D46B /* DataService.swift */ = {isa = PBXFileReference; lastKnownFileType = sourcecode.swift; path = DataService.swift; sourceTree = "<group>"; };
		F862407B23B7FF0B00E6D46B /* UserDefaultStorage.swift */ = {isa = PBXFileReference; lastKnownFileType = sourcecode.swift; path = UserDefaultStorage.swift; sourceTree = "<group>"; };
/* End PBXFileReference section */

/* Begin PBXFrameworksBuildPhase section */
		F82C3BAD23AFC9FD0025C872 /* Frameworks */ = {
			isa = PBXFrameworksBuildPhase;
			buildActionMask = 2147483647;
			files = (
			);
			runOnlyForDeploymentPostprocessing = 0;
		};
		F82C3BC323AFCA000025C872 /* Frameworks */ = {
			isa = PBXFrameworksBuildPhase;
			buildActionMask = 2147483647;
			files = (
			);
			runOnlyForDeploymentPostprocessing = 0;
		};
		F82C3BCE23AFCA000025C872 /* Frameworks */ = {
			isa = PBXFrameworksBuildPhase;
			buildActionMask = 2147483647;
			files = (
			);
			runOnlyForDeploymentPostprocessing = 0;
		};
/* End PBXFrameworksBuildPhase section */

/* Begin PBXGroup section */
		F82C3BA723AFC9FD0025C872 = {
			isa = PBXGroup;
			children = (
				F82C3BB223AFC9FD0025C872 /* swiftui-mvvm */,
				F82C3BC923AFCA000025C872 /* swiftui-mvvmTests */,
				F82C3BD423AFCA000025C872 /* swiftui-mvvmUITests */,
				F82C3BB123AFC9FD0025C872 /* Products */,
			);
			sourceTree = "<group>";
		};
		F82C3BB123AFC9FD0025C872 /* Products */ = {
			isa = PBXGroup;
			children = (
				F82C3BB023AFC9FD0025C872 /* swiftui-mvvm.app */,
				F82C3BC623AFCA000025C872 /* swiftui-mvvmTests.xctest */,
				F82C3BD123AFCA000025C872 /* swiftui-mvvmUITests.xctest */,
			);
			name = Products;
			sourceTree = "<group>";
		};
		F82C3BB223AFC9FD0025C872 /* swiftui-mvvm */ = {
			isa = PBXGroup;
			children = (
				F82C3BE323AFCA690025C872 /* Application */,
				F82C3BE523AFCA990025C872 /* Domain */,
				F82C3BE623AFCAA00025C872 /* Presentation */,
				F82C3BF323B2C72D0025C872 /* Data */,
				F82C3BEB23B2C6E90025C872 /* Infrastructure */,
				F82C3BE423AFCA770025C872 /* Resources */,
			);
			path = "swiftui-mvvm";
			sourceTree = "<group>";
		};
		F82C3BBB23AFCA000025C872 /* Preview Content */ = {
			isa = PBXGroup;
			children = (
				F82C3BBC23AFCA000025C872 /* Preview Assets.xcassets */,
			);
			path = "Preview Content";
			sourceTree = "<group>";
		};
		F82C3BC923AFCA000025C872 /* swiftui-mvvmTests */ = {
			isa = PBXGroup;
			children = (
				F82C3BCA23AFCA000025C872 /* swiftui_mvvmTests.swift */,
				F82C3BCC23AFCA000025C872 /* Info.plist */,
			);
			path = "swiftui-mvvmTests";
			sourceTree = "<group>";
		};
		F82C3BD423AFCA000025C872 /* swiftui-mvvmUITests */ = {
			isa = PBXGroup;
			children = (
				F82C3BD523AFCA000025C872 /* swiftui_mvvmUITests.swift */,
				F82C3BD723AFCA000025C872 /* Info.plist */,
			);
			path = "swiftui-mvvmUITests";
			sourceTree = "<group>";
		};
		F82C3BE323AFCA690025C872 /* Application */ = {
			isa = PBXGroup;
			children = (
				F82C3BB323AFC9FD0025C872 /* AppDelegate.swift */,
				F82C3BB523AFC9FD0025C872 /* SceneDelegate.swift */,
				F82C3C0C23B5B59A0025C872 /* DIContainer */,
			);
			path = Application;
			sourceTree = "<group>";
		};
		F82C3BE423AFCA770025C872 /* Resources */ = {
			isa = PBXGroup;
			children = (
				F82C3BB923AFCA000025C872 /* Assets.xcassets */,
				F82C3BBE23AFCA000025C872 /* LaunchScreen.storyboard */,
				F82C3BC123AFCA000025C872 /* Info.plist */,
				F82C3BBB23AFCA000025C872 /* Preview Content */,
			);
			path = Resources;
			sourceTree = "<group>";
		};
		F82C3BE523AFCA990025C872 /* Domain */ = {
			isa = PBXGroup;
			children = (
				F82C3BF423B2C7470025C872 /* Entities */,
				F82C3BF523B2C7510025C872 /* UseCases */,
				F82C3BF623B2C7620025C872 /* Repositories */,
			);
			path = Domain;
			sourceTree = "<group>";
		};
		F82C3BE623AFCAA00025C872 /* Presentation */ = {
			isa = PBXGroup;
			children = (
				F82C3C1823B683700025C872 /* Launch */,
				F82C3C1423B67BB00025C872 /* NewsList */,
				F82C3C1523B67BCB0025C872 /* Common */,
			);
			path = Presentation;
			sourceTree = "<group>";
		};
		F82C3BEB23B2C6E90025C872 /* Infrastructure */ = {
			isa = PBXGroup;
			children = (
				F82C3BEC23B2C7090025C872 /* Network */,
			);
			path = Infrastructure;
			sourceTree = "<group>";
		};
		F82C3BEC23B2C7090025C872 /* Network */ = {
			isa = PBXGroup;
			children = (
				F82C3BED23B2C7090025C872 /* APIService.swift */,
				F82C3BEF23B2C7090025C872 /* APIRequest.swift */,
			);
			path = Network;
			sourceTree = "<group>";
		};
		F82C3BF323B2C72D0025C872 /* Data */ = {
			isa = PBXGroup;
			children = (
				F862407123B7F36300E6D46B /* DataLayer */,
				F82C3C0423B408AC0025C872 /* Network */,
				F82C3C0123B408640025C872 /* Repositories */,
			);
			path = Data;
			sourceTree = "<group>";
		};
		F82C3BF423B2C7470025C872 /* Entities */ = {
			isa = PBXGroup;
			children = (
				F82C3BF723B312700025C872 /* Source.swift */,
				F82C3BF923B312810025C872 /* Article.swift */,
				F82C3BFD23B321A00025C872 /* TopHeadlineQuery.swift */,
			);
			path = Entities;
			sourceTree = "<group>";
		};
		F82C3BF523B2C7510025C872 /* UseCases */ = {
			isa = PBXGroup;
			children = (
				F82C3BFF23B32CD60025C872 /* FetchTopHeadlineQueriesUseCase.swift */,
			);
			path = UseCases;
			sourceTree = "<group>";
		};
		F82C3BF623B2C7620025C872 /* Repositories */ = {
			isa = PBXGroup;
			children = (
				F82C3BFB23B3216B0025C872 /* TopHeadlineRepository.swift */,
			);
			path = Repositories;
			sourceTree = "<group>";
		};
		F82C3C0123B408640025C872 /* Repositories */ = {
			isa = PBXGroup;
			children = (
				F82C3C0223B408960025C872 /* DefaultTopHeadlineRepository.swift */,
			);
			path = Repositories;
			sourceTree = "<group>";
		};
		F82C3C0423B408AC0025C872 /* Network */ = {
			isa = PBXGroup;
			children = (
				F82C3C0523B40B450025C872 /* TopHeadlineAPIResuqest.swift */,
				F82C3C0A23B47F8A0025C872 /* APIError.swift */,
				F82C3C0723B40C070025C872 /* Model */,
			);
			path = Network;
			sourceTree = "<group>";
		};
		F82C3C0723B40C070025C872 /* Model */ = {
			isa = PBXGroup;
			children = (
				F82C3C0823B40C1C0025C872 /* Model+Decodable.swift */,
			);
			path = Model;
			sourceTree = "<group>";
		};
		F82C3C0C23B5B59A0025C872 /* DIContainer */ = {
			isa = PBXGroup;
			children = (
				F82C3C0D23B5B5B20025C872 /* NewsDIContainer.swift */,
				F82C3C0F23B5B72F0025C872 /* AppDIContainer.swift */,
			);
			path = DIContainer;
			sourceTree = "<group>";
		};
		F82C3C1423B67BB00025C872 /* NewsList */ = {
			isa = PBXGroup;
			children = (
				F82C3C1723B67C100025C872 /* ViewModel */,
				F82C3C1623B67C060025C872 /* View */,
			);
			path = NewsList;
			sourceTree = "<group>";
		};
		F82C3C1523B67BCB0025C872 /* Common */ = {
			isa = PBXGroup;
			children = (
				F8566DE223B7390C00FBF4A4 /* View+Extenstion.swift */,
			);
			path = Common;
			sourceTree = "<group>";
		};
		F82C3C1623B67C060025C872 /* View */ = {
			isa = PBXGroup;
			children = (
				F82C3BB723AFC9FD0025C872 /* NewsView.swift */,
			);
			path = View;
			sourceTree = "<group>";
		};
		F82C3C1723B67C100025C872 /* ViewModel */ = {
			isa = PBXGroup;
			children = (
				F82C3BE723AFCD300025C872 /* NewsViewModel.swift */,
			);
			path = ViewModel;
			sourceTree = "<group>";
		};
		F82C3C1823B683700025C872 /* Launch */ = {
			isa = PBXGroup;
			children = (
				F82C3C1B23B683A30025C872 /* LaunchView.swift */,
			);
			path = Launch;
			sourceTree = "<group>";
		};
		F862407123B7F36300E6D46B /* DataLayer */ = {
			isa = PBXGroup;
			children = (
				F862407923B7FB8900E6D46B /* DataService.swift */,
				F862407B23B7FF0B00E6D46B /* UserDefaultStorage.swift */,
			);
			path = DataLayer;
			sourceTree = "<group>";
		};
/* End PBXGroup section */

/* Begin PBXNativeTarget section */
		F82C3BAF23AFC9FD0025C872 /* swiftui-mvvm */ = {
			isa = PBXNativeTarget;
			buildConfigurationList = F82C3BDA23AFCA000025C872 /* Build configuration list for PBXNativeTarget "swiftui-mvvm" */;
			buildPhases = (
				F82C3BAC23AFC9FD0025C872 /* Sources */,
				F82C3BAD23AFC9FD0025C872 /* Frameworks */,
				F82C3BAE23AFC9FD0025C872 /* Resources */,
			);
			buildRules = (
			);
			dependencies = (
			);
			name = "swiftui-mvvm";
			productName = "swiftui-mvvm";
			productReference = F82C3BB023AFC9FD0025C872 /* swiftui-mvvm.app */;
			productType = "com.apple.product-type.application";
		};
		F82C3BC523AFCA000025C872 /* swiftui-mvvmTests */ = {
			isa = PBXNativeTarget;
			buildConfigurationList = F82C3BDD23AFCA000025C872 /* Build configuration list for PBXNativeTarget "swiftui-mvvmTests" */;
			buildPhases = (
				F82C3BC223AFCA000025C872 /* Sources */,
				F82C3BC323AFCA000025C872 /* Frameworks */,
				F82C3BC423AFCA000025C872 /* Resources */,
			);
			buildRules = (
			);
			dependencies = (
				F82C3BC823AFCA000025C872 /* PBXTargetDependency */,
			);
			name = "swiftui-mvvmTests";
			productName = "swiftui-mvvmTests";
			productReference = F82C3BC623AFCA000025C872 /* swiftui-mvvmTests.xctest */;
			productType = "com.apple.product-type.bundle.unit-test";
		};
		F82C3BD023AFCA000025C872 /* swiftui-mvvmUITests */ = {
			isa = PBXNativeTarget;
			buildConfigurationList = F82C3BE023AFCA000025C872 /* Build configuration list for PBXNativeTarget "swiftui-mvvmUITests" */;
			buildPhases = (
				F82C3BCD23AFCA000025C872 /* Sources */,
				F82C3BCE23AFCA000025C872 /* Frameworks */,
				F82C3BCF23AFCA000025C872 /* Resources */,
			);
			buildRules = (
			);
			dependencies = (
				F82C3BD323AFCA000025C872 /* PBXTargetDependency */,
			);
			name = "swiftui-mvvmUITests";
			productName = "swiftui-mvvmUITests";
			productReference = F82C3BD123AFCA000025C872 /* swiftui-mvvmUITests.xctest */;
			productType = "com.apple.product-type.bundle.ui-testing";
		};
/* End PBXNativeTarget section */

/* Begin PBXProject section */
		F82C3BA823AFC9FD0025C872 /* Project object */ = {
			isa = PBXProject;
			attributes = {
				LastSwiftUpdateCheck = 1120;
				LastUpgradeCheck = 1120;
				ORGANIZATIONNAME = "MD AL MAMUN";
				TargetAttributes = {
					F82C3BAF23AFC9FD0025C872 = {
						CreatedOnToolsVersion = 11.2.1;
					};
					F82C3BC523AFCA000025C872 = {
						CreatedOnToolsVersion = 11.2.1;
						TestTargetID = F82C3BAF23AFC9FD0025C872;
					};
					F82C3BD023AFCA000025C872 = {
						CreatedOnToolsVersion = 11.2.1;
						TestTargetID = F82C3BAF23AFC9FD0025C872;
					};
				};
			};
			buildConfigurationList = F82C3BAB23AFC9FD0025C872 /* Build configuration list for PBXProject "swiftui-mvvm" */;
			compatibilityVersion = "Xcode 9.3";
			developmentRegion = en;
			hasScannedForEncodings = 0;
			knownRegions = (
				en,
				Base,
			);
			mainGroup = F82C3BA723AFC9FD0025C872;
			productRefGroup = F82C3BB123AFC9FD0025C872 /* Products */;
			projectDirPath = "";
			projectRoot = "";
			targets = (
				F82C3BAF23AFC9FD0025C872 /* swiftui-mvvm */,
				F82C3BC523AFCA000025C872 /* swiftui-mvvmTests */,
				F82C3BD023AFCA000025C872 /* swiftui-mvvmUITests */,
			);
		};
/* End PBXProject section */

/* Begin PBXResourcesBuildPhase section */
		F82C3BAE23AFC9FD0025C872 /* Resources */ = {
			isa = PBXResourcesBuildPhase;
			buildActionMask = 2147483647;
			files = (
				F82C3BC023AFCA000025C872 /* LaunchScreen.storyboard in Resources */,
				F82C3BBD23AFCA000025C872 /* Preview Assets.xcassets in Resources */,
				F82C3BBA23AFCA000025C872 /* Assets.xcassets in Resources */,
			);
			runOnlyForDeploymentPostprocessing = 0;
		};
		F82C3BC423AFCA000025C872 /* Resources */ = {
			isa = PBXResourcesBuildPhase;
			buildActionMask = 2147483647;
			files = (
			);
			runOnlyForDeploymentPostprocessing = 0;
		};
		F82C3BCF23AFCA000025C872 /* Resources */ = {
			isa = PBXResourcesBuildPhase;
			buildActionMask = 2147483647;
			files = (
			);
			runOnlyForDeploymentPostprocessing = 0;
		};
/* End PBXResourcesBuildPhase section */

/* Begin PBXSourcesBuildPhase section */
		F82C3BAC23AFC9FD0025C872 /* Sources */ = {
			isa = PBXSourcesBuildPhase;
			buildActionMask = 2147483647;
			files = (
				F82C3BF823B312700025C872 /* Source.swift in Sources */,
				F82C3BB423AFC9FD0025C872 /* AppDelegate.swift in Sources */,
				F82C3BFA23B312810025C872 /* Article.swift in Sources */,
				F82C3BF223B2C7090025C872 /* APIRequest.swift in Sources */,
				F82C3C0323B408960025C872 /* DefaultTopHeadlineRepository.swift in Sources */,
				F82C3C0623B40B450025C872 /* TopHeadlineAPIResuqest.swift in Sources */,
				F82C3BFC23B3216B0025C872 /* TopHeadlineRepository.swift in Sources */,
				F82C3C1C23B683A30025C872 /* LaunchView.swift in Sources */,
				F82C3BF023B2C7090025C872 /* APIService.swift in Sources */,
				F82C3C0B23B47F8A0025C872 /* APIError.swift in Sources */,
				F82C3BFE23B321A00025C872 /* TopHeadlineQuery.swift in Sources */,
				F82C3C0923B40C1C0025C872 /* Model+Decodable.swift in Sources */,
				F862407C23B7FF0B00E6D46B /* UserDefaultStorage.swift in Sources */,
				F8566DE323B7390C00FBF4A4 /* View+Extenstion.swift in Sources */,
				F82C3C1023B5B72F0025C872 /* AppDIContainer.swift in Sources */,
				F82C3BB623AFC9FD0025C872 /* SceneDelegate.swift in Sources */,
				F82C3C0023B32CD60025C872 /* FetchTopHeadlineQueriesUseCase.swift in Sources */,
				F82C3C0E23B5B5B20025C872 /* NewsDIContainer.swift in Sources */,
				F82C3BE823AFCD300025C872 /* NewsViewModel.swift in Sources */,
				F82C3BB823AFC9FD0025C872 /* NewsView.swift in Sources */,
				F862407A23B7FB8900E6D46B /* DataService.swift in Sources */,
			);
			runOnlyForDeploymentPostprocessing = 0;
		};
		F82C3BC223AFCA000025C872 /* Sources */ = {
			isa = PBXSourcesBuildPhase;
			buildActionMask = 2147483647;
			files = (
				F82C3BCB23AFCA000025C872 /* swiftui_mvvmTests.swift in Sources */,
			);
			runOnlyForDeploymentPostprocessing = 0;
		};
		F82C3BCD23AFCA000025C872 /* Sources */ = {
			isa = PBXSourcesBuildPhase;
			buildActionMask = 2147483647;
			files = (
				F82C3BD623AFCA000025C872 /* swiftui_mvvmUITests.swift in Sources */,
			);
			runOnlyForDeploymentPostprocessing = 0;
		};
/* End PBXSourcesBuildPhase section */

/* Begin PBXTargetDependency section */
		F82C3BC823AFCA000025C872 /* PBXTargetDependency */ = {
			isa = PBXTargetDependency;
			target = F82C3BAF23AFC9FD0025C872 /* swiftui-mvvm */;
			targetProxy = F82C3BC723AFCA000025C872 /* PBXContainerItemProxy */;
		};
		F82C3BD323AFCA000025C872 /* PBXTargetDependency */ = {
			isa = PBXTargetDependency;
			target = F82C3BAF23AFC9FD0025C872 /* swiftui-mvvm */;
			targetProxy = F82C3BD223AFCA000025C872 /* PBXContainerItemProxy */;
		};
/* End PBXTargetDependency section */

/* Begin PBXVariantGroup section */
		F82C3BBE23AFCA000025C872 /* LaunchScreen.storyboard */ = {
			isa = PBXVariantGroup;
			children = (
				F82C3BBF23AFCA000025C872 /* Base */,
			);
			name = LaunchScreen.storyboard;
			sourceTree = "<group>";
		};
/* End PBXVariantGroup section */

/* Begin XCBuildConfiguration section */
		F82C3BD823AFCA000025C872 /* Debug */ = {
			isa = XCBuildConfiguration;
			buildSettings = {
				ALWAYS_SEARCH_USER_PATHS = NO;
				CLANG_ANALYZER_NONNULL = YES;
				CLANG_ANALYZER_NUMBER_OBJECT_CONVERSION = YES_AGGRESSIVE;
				CLANG_CXX_LANGUAGE_STANDARD = "gnu++14";
				CLANG_CXX_LIBRARY = "libc++";
				CLANG_ENABLE_MODULES = YES;
				CLANG_ENABLE_OBJC_ARC = YES;
				CLANG_ENABLE_OBJC_WEAK = YES;
				CLANG_WARN_BLOCK_CAPTURE_AUTORELEASING = YES;
				CLANG_WARN_BOOL_CONVERSION = YES;
				CLANG_WARN_COMMA = YES;
				CLANG_WARN_CONSTANT_CONVERSION = YES;
				CLANG_WARN_DEPRECATED_OBJC_IMPLEMENTATIONS = YES;
				CLANG_WARN_DIRECT_OBJC_ISA_USAGE = YES_ERROR;
				CLANG_WARN_DOCUMENTATION_COMMENTS = YES;
				CLANG_WARN_EMPTY_BODY = YES;
				CLANG_WARN_ENUM_CONVERSION = YES;
				CLANG_WARN_INFINITE_RECURSION = YES;
				CLANG_WARN_INT_CONVERSION = YES;
				CLANG_WARN_NON_LITERAL_NULL_CONVERSION = YES;
				CLANG_WARN_OBJC_IMPLICIT_RETAIN_SELF = YES;
				CLANG_WARN_OBJC_LITERAL_CONVERSION = YES;
				CLANG_WARN_OBJC_ROOT_CLASS = YES_ERROR;
				CLANG_WARN_RANGE_LOOP_ANALYSIS = YES;
				CLANG_WARN_STRICT_PROTOTYPES = YES;
				CLANG_WARN_SUSPICIOUS_MOVE = YES;
				CLANG_WARN_UNGUARDED_AVAILABILITY = YES_AGGRESSIVE;
				CLANG_WARN_UNREACHABLE_CODE = YES;
				CLANG_WARN__DUPLICATE_METHOD_MATCH = YES;
				COPY_PHASE_STRIP = NO;
				DEBUG_INFORMATION_FORMAT = dwarf;
				ENABLE_STRICT_OBJC_MSGSEND = YES;
				ENABLE_TESTABILITY = YES;
				GCC_C_LANGUAGE_STANDARD = gnu11;
				GCC_DYNAMIC_NO_PIC = NO;
				GCC_NO_COMMON_BLOCKS = YES;
				GCC_OPTIMIZATION_LEVEL = 0;
				GCC_PREPROCESSOR_DEFINITIONS = (
					"DEBUG=1",
					"$(inherited)",
				);
				GCC_WARN_64_TO_32_BIT_CONVERSION = YES;
				GCC_WARN_ABOUT_RETURN_TYPE = YES_ERROR;
				GCC_WARN_UNDECLARED_SELECTOR = YES;
				GCC_WARN_UNINITIALIZED_AUTOS = YES_AGGRESSIVE;
				GCC_WARN_UNUSED_FUNCTION = YES;
				GCC_WARN_UNUSED_VARIABLE = YES;
				IPHONEOS_DEPLOYMENT_TARGET = 13.2;
				MTL_ENABLE_DEBUG_INFO = INCLUDE_SOURCE;
				MTL_FAST_MATH = YES;
				ONLY_ACTIVE_ARCH = YES;
				SDKROOT = iphoneos;
				SWIFT_ACTIVE_COMPILATION_CONDITIONS = DEBUG;
				SWIFT_OPTIMIZATION_LEVEL = "-Onone";
			};
			name = Debug;
		};
		F82C3BD923AFCA000025C872 /* Release */ = {
			isa = XCBuildConfiguration;
			buildSettings = {
				ALWAYS_SEARCH_USER_PATHS = NO;
				CLANG_ANALYZER_NONNULL = YES;
				CLANG_ANALYZER_NUMBER_OBJECT_CONVERSION = YES_AGGRESSIVE;
				CLANG_CXX_LANGUAGE_STANDARD = "gnu++14";
				CLANG_CXX_LIBRARY = "libc++";
				CLANG_ENABLE_MODULES = YES;
				CLANG_ENABLE_OBJC_ARC = YES;
				CLANG_ENABLE_OBJC_WEAK = YES;
				CLANG_WARN_BLOCK_CAPTURE_AUTORELEASING = YES;
				CLANG_WARN_BOOL_CONVERSION = YES;
				CLANG_WARN_COMMA = YES;
				CLANG_WARN_CONSTANT_CONVERSION = YES;
				CLANG_WARN_DEPRECATED_OBJC_IMPLEMENTATIONS = YES;
				CLANG_WARN_DIRECT_OBJC_ISA_USAGE = YES_ERROR;
				CLANG_WARN_DOCUMENTATION_COMMENTS = YES;
				CLANG_WARN_EMPTY_BODY = YES;
				CLANG_WARN_ENUM_CONVERSION = YES;
				CLANG_WARN_INFINITE_RECURSION = YES;
				CLANG_WARN_INT_CONVERSION = YES;
				CLANG_WARN_NON_LITERAL_NULL_CONVERSION = YES;
				CLANG_WARN_OBJC_IMPLICIT_RETAIN_SELF = YES;
				CLANG_WARN_OBJC_LITERAL_CONVERSION = YES;
				CLANG_WARN_OBJC_ROOT_CLASS = YES_ERROR;
				CLANG_WARN_RANGE_LOOP_ANALYSIS = YES;
				CLANG_WARN_STRICT_PROTOTYPES = YES;
				CLANG_WARN_SUSPICIOUS_MOVE = YES;
				CLANG_WARN_UNGUARDED_AVAILABILITY = YES_AGGRESSIVE;
				CLANG_WARN_UNREACHABLE_CODE = YES;
				CLANG_WARN__DUPLICATE_METHOD_MATCH = YES;
				COPY_PHASE_STRIP = NO;
				DEBUG_INFORMATION_FORMAT = "dwarf-with-dsym";
				ENABLE_NS_ASSERTIONS = NO;
				ENABLE_STRICT_OBJC_MSGSEND = YES;
				GCC_C_LANGUAGE_STANDARD = gnu11;
				GCC_NO_COMMON_BLOCKS = YES;
				GCC_WARN_64_TO_32_BIT_CONVERSION = YES;
				GCC_WARN_ABOUT_RETURN_TYPE = YES_ERROR;
				GCC_WARN_UNDECLARED_SELECTOR = YES;
				GCC_WARN_UNINITIALIZED_AUTOS = YES_AGGRESSIVE;
				GCC_WARN_UNUSED_FUNCTION = YES;
				GCC_WARN_UNUSED_VARIABLE = YES;
				IPHONEOS_DEPLOYMENT_TARGET = 13.2;
				MTL_ENABLE_DEBUG_INFO = NO;
				MTL_FAST_MATH = YES;
				SDKROOT = iphoneos;
				SWIFT_COMPILATION_MODE = wholemodule;
				SWIFT_OPTIMIZATION_LEVEL = "-O";
				VALIDATE_PRODUCT = YES;
			};
			name = Release;
		};
		F82C3BDB23AFCA000025C872 /* Debug */ = {
			isa = XCBuildConfiguration;
			buildSettings = {
				ASSETCATALOG_COMPILER_APPICON_NAME = AppIcon;
				CODE_SIGN_STYLE = Automatic;
				DEVELOPMENT_ASSET_PATHS = "\"swiftui-mvvm/Resources/Preview Content\"";
				ENABLE_PREVIEWS = YES;
				INFOPLIST_FILE = "swiftui-mvvm/Resources/Info.plist";
				LD_RUNPATH_SEARCH_PATHS = (
					"$(inherited)",
					"@executable_path/Frameworks",
				);
				PRODUCT_BUNDLE_IDENTIFIER = "com.mamun.swiftui-mvvm";
				PRODUCT_NAME = "$(TARGET_NAME)";
				SWIFT_VERSION = 5.0;
				TARGETED_DEVICE_FAMILY = "1,2";
			};
			name = Debug;
		};
		F82C3BDC23AFCA000025C872 /* Release */ = {
			isa = XCBuildConfiguration;
			buildSettings = {
				ASSETCATALOG_COMPILER_APPICON_NAME = AppIcon;
				CODE_SIGN_STYLE = Automatic;
				DEVELOPMENT_ASSET_PATHS = "\"swiftui-mvvm/Resources/Preview Content\"";
				ENABLE_PREVIEWS = YES;
				INFOPLIST_FILE = "swiftui-mvvm/Resources/Info.plist";
				LD_RUNPATH_SEARCH_PATHS = (
					"$(inherited)",
					"@executable_path/Frameworks",
				);
				PRODUCT_BUNDLE_IDENTIFIER = "com.mamun.swiftui-mvvm";
				PRODUCT_NAME = "$(TARGET_NAME)";
				SWIFT_VERSION = 5.0;
				TARGETED_DEVICE_FAMILY = "1,2";
			};
			name = Release;
		};
		F82C3BDE23AFCA000025C872 /* Debug */ = {
			isa = XCBuildConfiguration;
			buildSettings = {
				ALWAYS_EMBED_SWIFT_STANDARD_LIBRARIES = YES;
				BUNDLE_LOADER = "$(TEST_HOST)";
				CODE_SIGN_STYLE = Automatic;
				INFOPLIST_FILE = "swiftui-mvvmTests/Info.plist";
				IPHONEOS_DEPLOYMENT_TARGET = 13.2;
				LD_RUNPATH_SEARCH_PATHS = (
					"$(inherited)",
					"@executable_path/Frameworks",
					"@loader_path/Frameworks",
				);
				PRODUCT_BUNDLE_IDENTIFIER = "com.mamun.swiftui-mvvmTests";
				PRODUCT_NAME = "$(TARGET_NAME)";
				SWIFT_VERSION = 5.0;
				TARGETED_DEVICE_FAMILY = "1,2";
				TEST_HOST = "$(BUILT_PRODUCTS_DIR)/swiftui-mvvm.app/swiftui-mvvm";
			};
			name = Debug;
		};
		F82C3BDF23AFCA000025C872 /* Release */ = {
			isa = XCBuildConfiguration;
			buildSettings = {
				ALWAYS_EMBED_SWIFT_STANDARD_LIBRARIES = YES;
				BUNDLE_LOADER = "$(TEST_HOST)";
				CODE_SIGN_STYLE = Automatic;
				INFOPLIST_FILE = "swiftui-mvvmTests/Info.plist";
				IPHONEOS_DEPLOYMENT_TARGET = 13.2;
				LD_RUNPATH_SEARCH_PATHS = (
					"$(inherited)",
					"@executable_path/Frameworks",
					"@loader_path/Frameworks",
				);
				PRODUCT_BUNDLE_IDENTIFIER = "com.mamun.swiftui-mvvmTests";
				PRODUCT_NAME = "$(TARGET_NAME)";
				SWIFT_VERSION = 5.0;
				TARGETED_DEVICE_FAMILY = "1,2";
				TEST_HOST = "$(BUILT_PRODUCTS_DIR)/swiftui-mvvm.app/swiftui-mvvm";
			};
			name = Release;
		};
		F82C3BE123AFCA000025C872 /* Debug */ = {
			isa = XCBuildConfiguration;
			buildSettings = {
				ALWAYS_EMBED_SWIFT_STANDARD_LIBRARIES = YES;
				CODE_SIGN_STYLE = Automatic;
				INFOPLIST_FILE = "swiftui-mvvmUITests/Info.plist";
				LD_RUNPATH_SEARCH_PATHS = (
					"$(inherited)",
					"@executable_path/Frameworks",
					"@loader_path/Frameworks",
				);
				PRODUCT_BUNDLE_IDENTIFIER = "com.mamun.swiftui-mvvmUITests";
				PRODUCT_NAME = "$(TARGET_NAME)";
				SWIFT_VERSION = 5.0;
				TARGETED_DEVICE_FAMILY = "1,2";
				TEST_TARGET_NAME = "swiftui-mvvm";
			};
			name = Debug;
		};
		F82C3BE223AFCA000025C872 /* Release */ = {
			isa = XCBuildConfiguration;
			buildSettings = {
				ALWAYS_EMBED_SWIFT_STANDARD_LIBRARIES = YES;
				CODE_SIGN_STYLE = Automatic;
				INFOPLIST_FILE = "swiftui-mvvmUITests/Info.plist";
				LD_RUNPATH_SEARCH_PATHS = (
					"$(inherited)",
					"@executable_path/Frameworks",
					"@loader_path/Frameworks",
				);
				PRODUCT_BUNDLE_IDENTIFIER = "com.mamun.swiftui-mvvmUITests";
				PRODUCT_NAME = "$(TARGET_NAME)";
				SWIFT_VERSION = 5.0;
				TARGETED_DEVICE_FAMILY = "1,2";
				TEST_TARGET_NAME = "swiftui-mvvm";
			};
			name = Release;
		};
/* End XCBuildConfiguration section */

/* Begin XCConfigurationList section */
		F82C3BAB23AFC9FD0025C872 /* Build configuration list for PBXProject "swiftui-mvvm" */ = {
			isa = XCConfigurationList;
			buildConfigurations = (
				F82C3BD823AFCA000025C872 /* Debug */,
				F82C3BD923AFCA000025C872 /* Release */,
			);
			defaultConfigurationIsVisible = 0;
			defaultConfigurationName = Release;
		};
		F82C3BDA23AFCA000025C872 /* Build configuration list for PBXNativeTarget "swiftui-mvvm" */ = {
			isa = XCConfigurationList;
			buildConfigurations = (
				F82C3BDB23AFCA000025C872 /* Debug */,
				F82C3BDC23AFCA000025C872 /* Release */,
			);
			defaultConfigurationIsVisible = 0;
			defaultConfigurationName = Release;
		};
		F82C3BDD23AFCA000025C872 /* Build configuration list for PBXNativeTarget "swiftui-mvvmTests" */ = {
			isa = XCConfigurationList;
			buildConfigurations = (
				F82C3BDE23AFCA000025C872 /* Debug */,
				F82C3BDF23AFCA000025C872 /* Release */,
			);
			defaultConfigurationIsVisible = 0;
			defaultConfigurationName = Release;
		};
		F82C3BE023AFCA000025C872 /* Build configuration list for PBXNativeTarget "swiftui-mvvmUITests" */ = {
			isa = XCConfigurationList;
			buildConfigurations = (
				F82C3BE123AFCA000025C872 /* Debug */,
				F82C3BE223AFCA000025C872 /* Release */,
			);
			defaultConfigurationIsVisible = 0;
			defaultConfigurationName = Release;
		};
/* End XCConfigurationList section */
	};
	rootObject = F82C3BA823AFC9FD0025C872 /* Project object */;
}
